{
  "name": "stacks-dollop",
  "version": "1.0.0",
  "lockfileVersion": 3,
  "requires": true,
  "packages": {
    "": {
      "name": "stacks-dollop",
      "version": "1.0.0",
      "license": "ISC",
      "dependencies": {
        "@hirosystems/chainhooks-client": "^1.0.0"
      },
      "devDependencies": {}
    },
    "node_modules/@hirosystems/chainhooks-client": {
      "version": "1.0.0",
      "resolved": "https://registry.npmjs.org/@hirosystems/chainhooks-client/-/chainhooks-client-1.0.0.tgz",
      "integrity": "sha512-xPp/2ATix/KS0Nbclh4ckq6UGK8Kb0+d3s2K5LzpS6jeUxpTjuF0++M4KmGSMRMThoo33v9IuMRQyK8wPb8Tgg==",
      "license": "Apache-2.0",
      "dependencies": {
        "@sinclair/typebox": "^0.34.33"
      },
      "peerDependencies": {
        "@sinclair/typebox": "^0.34.33"
      }
    },
    "node_modules/@sinclair/typebox": {
      "version": "0.34.41",
      "resolved": "https://registry.npmjs.org/@sinclair/typebox/-/typebox-0.34.41.tgz",
      "integrity": "sha512-6gS8pZzSXdyRHTIqoqSVknxolr1kzfy4/CeDnrzsVz8TTIWUbOBr6gnzOmTYJ3eXQNh4IYHIGi5aIL7sOZ2G/g==",
      "license": "MIT"
    }
  }
}
